
Microsoft Visual Studio Solution File, Format Version 12.00
# Visual Studio 15
VisualStudioVersion = 15.0.27703.2026
MinimumVisualStudioVersion = 10.0.40219.1
Project("{FAE04EC0-301F-11D3-BF4B-00C04F79EFBC}") = "Nibble", "Nibble\Nibble.csproj", "{A4D6BF75-83AF-4C0B-B052-18F5A4C6BEA9}"
EndProject
Global
	GlobalSection(SolutionConfigurationPlatforms) = preSolution
		Debug|Any CPU = Debug|Any CPU
		Release|Any CPU = Release|Any CPU
	EndGlobalSection
	GlobalSection(ProjectConfigurationPlatforms) = postSolution
		{A4D6BF75-83AF-4C0B-B052-18F5A4C6BEA9}.Debug|Any CPU.ActiveCfg = Debug|Any CPU
		{A4D6BF75-83AF-4C0B-B052-18F5A4C6BEA9}.Debug|Any CPU.Build.0 = Debug|Any CPU
		{A4D6BF75-83AF-4C0B-B052-18F5A4C6BEA9}.Release|Any CPU.ActiveCfg = Release|Any CPU
		{A4D6BF75-83AF-4C0B-B052-18F5A4C6BEA9}.Release|Any CPU.Build.0 = Release|Any CPU
	EndGlobalSection
	GlobalSection(SolutionProperties) = preSolution
		HideSolutionNode = FALSE
	EndGlobalSection
	GlobalSection(ExtensibilityGlobals) = postSolution
		SolutionGuid = {0E13EBF8-84C7-4AC4-A3D7-8745D87B957F}
	EndGlobalSection
EndGlobal
